
Microsoft Visual Studio Solution File, Format Version 12.00
# Visual Studio Express 15 for Windows Desktop
VisualStudioVersion = 15.0.28307.1800
MinimumVisualStudioVersion = 10.0.40219.1
Project("{FAE04EC0-301F-11D3-BF4B-00C04F79EFBC}") = "SCalculator", "SCalculator\SCalculator.csproj", "{04BFE3F2-D3D9-4A52-85E2-50E5BEB6CA29}"
EndProject
Global
	GlobalSection(SolutionConfigurationPlatforms) = preSolution
		Debug|Any CPU = Debug|Any CPU
		Release|Any CPU = Release|Any CPU
	EndGlobalSection
	GlobalSection(ProjectConfigurationPlatforms) = postSolution
		{04BFE3F2-D3D9-4A52-85E2-50E5BEB6CA29}.Debug|Any CPU.ActiveCfg = Debug|Any CPU
		{04BFE3F2-D3D9-4A52-85E2-50E5BEB6CA29}.Debug|Any CPU.Build.0 = Debug|Any CPU
		{04BFE3F2-D3D9-4A52-85E2-50E5BEB6CA29}.Release|Any CPU.ActiveCfg = Release|Any CPU
		{04BFE3F2-D3D9-4A52-85E2-50E5BEB6CA29}.Release|Any CPU.Build.0 = Release|Any CPU
	EndGlobalSection
	GlobalSection(SolutionProperties) = preSolution
		HideSolutionNode = FALSE
	EndGlobalSection
	GlobalSection(ExtensibilityGlobals) = postSolution
		SolutionGuid = {DC230538-8018-42E7-9496-FC1CE43E2A29}
	EndGlobalSection
EndGlobal
